
Microsoft Visual Studio Solution File, Format Version 12.00
# Visual Studio Version 16
Project("{2150E333-8FDC-42A3-9474-1A3956D46DE8}") = "CMakePredefinedTargets", "CMakePredefinedTargets", "{BF40EF6E-A0DD-3ACA-A1D5-C5AA9AB80D0E}"
EndProject
Project("{8BC9CEB8-8B4A-11D0-8D11-00A0C91BC942}") = "ALL_BUILD", "ALL_BUILD.vcxproj", "{736426EE-1B4F-3BAB-A25D-9CCE105F5721}"
	ProjectSection(ProjectDependencies) = postProject
		{E2F5F50E-5223-3BD4-A0F7-74F9148AB72C} = {E2F5F50E-5223-3BD4-A0F7-74F9148AB72C}
	EndProjectSection
EndProject
Project("{8BC9CEB8-8B4A-11D0-8D11-00A0C91BC942}") = "ZERO_CHECK", "ZERO_CHECK.vcxproj", "{E2F5F50E-5223-3BD4-A0F7-74F9148AB72C}"
	ProjectSection(ProjectDependencies) = postProject
	EndProjectSection
EndProject
Global
	GlobalSection(SolutionConfigurationPlatforms) = preSolution
		Debug|x64 = Debug|x64
		Release|x64 = Release|x64
		MinSizeRel|x64 = MinSizeRel|x64
		RelWithDebInfo|x64 = RelWithDebInfo|x64
	EndGlobalSection
	GlobalSection(ProjectConfigurationPlatforms) = postSolution
		{736426EE-1B4F-3BAB-A25D-9CCE105F5721}.Debug|x64.ActiveCfg = Debug|x64
		{736426EE-1B4F-3BAB-A25D-9CCE105F5721}.Release|x64.ActiveCfg = Release|x64
		{736426EE-1B4F-3BAB-A25D-9CCE105F5721}.MinSizeRel|x64.ActiveCfg = MinSizeRel|x64
		{736426EE-1B4F-3BAB-A25D-9CCE105F5721}.RelWithDebInfo|x64.ActiveCfg = RelWithDebInfo|x64
		{E2F5F50E-5223-3BD4-A0F7-74F9148AB72C}.Debug|x64.ActiveCfg = Debug|x64
		{E2F5F50E-5223-3BD4-A0F7-74F9148AB72C}.Debug|x64.Build.0 = Debug|x64
		{E2F5F50E-5223-3BD4-A0F7-74F9148AB72C}.Release|x64.ActiveCfg = Release|x64
		{E2F5F50E-5223-3BD4-A0F7-74F9148AB72C}.Release|x64.Build.0 = Release|x64
		{E2F5F50E-5223-3BD4-A0F7-74F9148AB72C}.MinSizeRel|x64.ActiveCfg = MinSizeRel|x64
		{E2F5F50E-5223-3BD4-A0F7-74F9148AB72C}.MinSizeRel|x64.Build.0 = MinSizeRel|x64
		{E2F5F50E-5223-3BD4-A0F7-74F9148AB72C}.RelWithDebInfo|x64.ActiveCfg = RelWithDebInfo|x64
		{E2F5F50E-5223-3BD4-A0F7-74F9148AB72C}.RelWithDebInfo|x64.Build.0 = RelWithDebInfo|x64
	EndGlobalSection
	GlobalSection(NestedProjects) = preSolution
		{736426EE-1B4F-3BAB-A25D-9CCE105F5721} = {BF40EF6E-A0DD-3ACA-A1D5-C5AA9AB80D0E}
		{E2F5F50E-5223-3BD4-A0F7-74F9148AB72C} = {BF40EF6E-A0DD-3ACA-A1D5-C5AA9AB80D0E}
	EndGlobalSection
	GlobalSection(ExtensibilityGlobals) = postSolution
		SolutionGuid = {5ABDF33C-08C0-303E-BA38-BA2714EB4FF7}
	EndGlobalSection
	GlobalSection(ExtensibilityAddIns) = postSolution
	EndGlobalSection
EndGlobal
