<?xml version="1.0" encoding="utf-8"?>
<Project ToolsVersion="16.0" xmlns="http://schemas.microsoft.com/developer/msbuild/2003">
  <ItemGroup>
    <CustomBuild Include="C:\Users\hongpengpei\source\mitsuba\dependencies\CMakeFiles\1f1be38d23a42ff24fac85e3d34efaff\generate.stamp.rule">
      <Filter>CMake Rules</Filter>
    </CustomBuild>
  </ItemGroup>
  <ItemGroup>
    <Filter Include="CMake Rules">
      <UniqueIdentifier>{BCB43A86-F6BC-311A-B9DC-3C763215E4D3}</UniqueIdentifier>
    </Filter>
  </ItemGroup>
</Project>
